
Microsoft Visual Studio Solution File, Format Version 12.00
# Visual Studio Version 16
VisualStudioVersion = 16.0.30114.105
MinimumVisualStudioVersion = 10.0.40219.1
Project("{8BC9CEB8-8B4A-11D0-8D11-00A0C91BC942}") = "寻找素数", "C语言练习程序.vcxproj", "{FBE9614B-ADFC-4EBB-8D70-FB3CB34AB231}"
EndProject
Project("{8BC9CEB8-8B4A-11D0-8D11-00A0C91BC942}") = "判断闰年", "..\寻找\寻找.vcxproj", "{32BC1824-D21C-4790-9F4A-F9C869CDD6F3}"
EndProject
Project("{8BC9CEB8-8B4A-11D0-8D11-00A0C91BC942}") = "交换二个整数的内容", "..\交换二个整数的内容\交换二个整数的内容.vcxproj", "{D9BAC3E9-89A3-4823-A790-32B6B28D0087}"
EndProject
Project("{8BC9CEB8-8B4A-11D0-8D11-00A0C91BC942}") = "乘法口诀表", "..\乘法口诀表\乘法口诀表.vcxproj", "{0E57755E-FED3-418B-90BB-06121174983F}"
EndProject
Project("{8BC9CEB8-8B4A-11D0-8D11-00A0C91BC942}") = "递归打印数字", "..\递归打印数字\递归打印数字.vcxproj", "{8F4A9E34-E3F1-41C8-AF56-9D90FB3D6159}"
EndProject
Project("{8BC9CEB8-8B4A-11D0-8D11-00A0C91BC942}") = "递归求阶乘", "..\递归求阶乘\递归求阶乘.vcxproj", "{482896C9-3601-4898-9AD0-710A4EAE334E}"
EndProject
Project("{8BC9CEB8-8B4A-11D0-8D11-00A0C91BC942}") = "Strlen模拟", "..\Strlen模拟\Strlen模拟.vcxproj", "{EB5532B3-CE17-4C6D-BEFA-98C8A6B3282E}"
EndProject
Project("{8BC9CEB8-8B4A-11D0-8D11-00A0C91BC942}") = "字符串逆序", "..\字符串逆序\字符串逆序.vcxproj", "{8684EB00-975D-4CEC-9BF3-722F1002FA5D}"
EndProject
Project("{8BC9CEB8-8B4A-11D0-8D11-00A0C91BC942}") = "整数的每一位数字之和", "..\整数的每一位数字之和\整数的每一位数字之和.vcxproj", "{676B17C2-FD58-40B7-B409-DD2FB3265E72}"
EndProject
Project("{8BC9CEB8-8B4A-11D0-8D11-00A0C91BC942}") = "计算n的k次方", "..\计算n的k次方\计算n的k次方.vcxproj", "{F87681AB-456E-4552-B7CB-84F4D2791CBF}"
EndProject
Project("{8BC9CEB8-8B4A-11D0-8D11-00A0C91BC942}") = "斐波那契数", "..\斐波那契数\斐波那契数.vcxproj", "{810EFF03-0AA7-4536-8D13-558DC942274E}"
EndProject
Project("{8BC9CEB8-8B4A-11D0-8D11-00A0C91BC942}") = "冒泡排序", "..\冒泡排序\冒泡排序.vcxproj", "{17C5E320-20C5-4F36-B426-DF09908A3890}"
EndProject
Project("{8BC9CEB8-8B4A-11D0-8D11-00A0C91BC942}") = "数组", "..\数组\数组.vcxproj", "{D97D8CE6-C3CD-4B61-A34F-52F325F0416A}"
EndProject
Project("{8BC9CEB8-8B4A-11D0-8D11-00A0C91BC942}") = "交换数组内容", "..\交换数组内容\交换数组内容.vcxproj", "{4919691C-71BD-4B88-BDC0-618FF35EF462}"
EndProject
Project("{8BC9CEB8-8B4A-11D0-8D11-00A0C91BC942}") = "三子棋", "..\三子棋\三子棋.vcxproj", "{3392C568-5410-4570-8AB3-5D7D92CB2D9C}"
EndProject
Project("{8BC9CEB8-8B4A-11D0-8D11-00A0C91BC942}") = "扫雷", "..\扫雷\扫雷.vcxproj", "{F03C7E28-77FB-4447-AB68-B8FD8C6B42B7}"
EndProject
Project("{8BC9CEB8-8B4A-11D0-8D11-00A0C91BC942}") = "求二个数二进制中不同位的个数", "..\求二个数二进制中不同位的个数\求二个数二进制中不同位的个数.vcxproj", "{A1B3E9AC-DDB0-42A2-8586-5DAB5E939CC3}"
EndProject
Project("{8BC9CEB8-8B4A-11D0-8D11-00A0C91BC942}") = "打印二进制的奇数位和偶数位", "..\打印二进制的奇数位和偶数位\打印二进制的奇数位和偶数位.vcxproj", "{E220C14C-C84D-4488-B4D3-58EF63BBE5F5}"
EndProject
Project("{8BC9CEB8-8B4A-11D0-8D11-00A0C91BC942}") = "统计二进制中1的个数", "..\统计二进制中1的个数\统计二进制中1的个数.vcxproj", "{BEFDC602-78B5-46F2-B48A-287D93DBD800}"
EndProject
Project("{8BC9CEB8-8B4A-11D0-8D11-00A0C91BC942}") = "交互二个变量", "..\交互二个变量\交互二个变量.vcxproj", "{AA0EE702-B6E1-4315-96AC-D7A9EA78FDA3}"
EndProject
Project("{8BC9CEB8-8B4A-11D0-8D11-00A0C91BC942}") = "2的n次方", "..\2的n次方\2的n次方.vcxproj", "{8EE5870B-7489-4A08-B0A6-96ECAF0D2669}"
EndProject
Project("{8BC9CEB8-8B4A-11D0-8D11-00A0C91BC942}") = "猜数字", "..\猜数字\猜数字.vcxproj", "{07D85C8F-A535-4929-A457-05D9B72EF88D}"
EndProject
Project("{8BC9CEB8-8B4A-11D0-8D11-00A0C91BC942}") = "二分查找", "..\二分查找\二分查找.vcxproj", "{32F2E7F3-7CF6-4DEB-9C82-43A2A138C419}"
EndProject
Project("{8BC9CEB8-8B4A-11D0-8D11-00A0C91BC942}") = "寻找9的个数", "..\寻找9的个数\寻找9的个数.vcxproj", "{8617E9F9-9673-4CA1-9121-DD73E4004F94}"
EndProject
Project("{8BC9CEB8-8B4A-11D0-8D11-00A0C91BC942}") = "计算分数交叉相减的值", "..\计算分数交叉相减的值\计算分数交叉相减的值.vcxproj", "{141CF0F9-3E6B-4A69-9719-ECD06997DE1A}"
EndProject
Project("{8BC9CEB8-8B4A-11D0-8D11-00A0C91BC942}") = "10个数中的最大值", "..\10个数中的最大值\10个数中的最大值.vcxproj", "{D05B290A-0967-4E33-9D81-67BD3EBD7C3E}"
EndProject
Project("{8BC9CEB8-8B4A-11D0-8D11-00A0C91BC942}") = "求二个数的最大公约数", "..\求二个数的最大公约数\求二个数的最大公约数.vcxproj", "{3DEF2399-0F4B-42B6-9B38-4CFB0B19A2BB}"
EndProject
Project("{8BC9CEB8-8B4A-11D0-8D11-00A0C91BC942}") = "使用指针打印数组内容", "..\使用指针打印数组内容\使用指针打印数组内容.vcxproj", "{B28FAC2B-8045-41E7-811B-081BAFE904D1}"
EndProject
Project("{8BC9CEB8-8B4A-11D0-8D11-00A0C91BC942}") = "字符逆序", "..\字符逆序\字符逆序.vcxproj", "{781C9516-C6D3-405F-8C9C-A9FA8F0DDFF1}"
EndProject
Project("{8BC9CEB8-8B4A-11D0-8D11-00A0C91BC942}") = "计算求和", "..\计算求和\计算求和.vcxproj", "{659606E9-41B1-4070-B958-F2CA7A4A05ED}"
EndProject
Project("{8BC9CEB8-8B4A-11D0-8D11-00A0C91BC942}") = "水仙花数", "..\水仙花数\水仙花数.vcxproj", "{59A5D645-0C06-4009-89CA-B283124365A3}"
EndProject
Project("{8BC9CEB8-8B4A-11D0-8D11-00A0C91BC942}") = "打印菱形", "..\打印菱形\打印菱形.vcxproj", "{6B515120-A5B7-42C7-8258-7571BE3DB8CB}"
EndProject
Project("{8BC9CEB8-8B4A-11D0-8D11-00A0C91BC942}") = "喝汽水", "..\喝汽水\喝汽水.vcxproj", "{B8697648-1013-45B2-90FC-6E87B8EF1718}"
EndProject
Project("{8BC9CEB8-8B4A-11D0-8D11-00A0C91BC942}") = "数组越界问题", "..\数组越界问题\数组越界问题.vcxproj", "{1F5BC305-D0FE-4F8E-BD1D-841A80A31FB1}"
EndProject
Project("{8BC9CEB8-8B4A-11D0-8D11-00A0C91BC942}") = "strcpy", "..\000\000.vcxproj", "{A0653669-01B3-41B7-A22F-E23EEAD8B3C5}"
EndProject
Project("{8BC9CEB8-8B4A-11D0-8D11-00A0C91BC942}") = "调整奇偶顺序", "..\调整奇偶顺序\调整奇偶顺序.vcxproj", "{7FAB5819-0872-44F2-8AFC-4CEC60753786}"
EndProject
Project("{8BC9CEB8-8B4A-11D0-8D11-00A0C91BC942}") = "杨辉三角", "..\杨辉三角\杨辉三角.vcxproj", "{C3FD61BE-046C-4D6E-859B-5E0FC4601D17}"
EndProject
Project("{8BC9CEB8-8B4A-11D0-8D11-00A0C91BC942}") = "猜凶手", "..\猜凶手\猜凶手.vcxproj", "{3C5A99E7-1E40-4857-8BD6-C803D868BC41}"
EndProject
Project("{8BC9CEB8-8B4A-11D0-8D11-00A0C91BC942}") = "猜名词", "..\猜名词\猜名词.vcxproj", "{27D33663-78B2-4900-ACFE-31ED66456209}"
EndProject
Project("{8BC9CEB8-8B4A-11D0-8D11-00A0C91BC942}") = "字符串左旋", "..\字符串左旋\字符串左旋.vcxproj", "{E67FB5A0-9F41-46D0-B7C9-05A460D224DD}"
EndProject
Project("{8BC9CEB8-8B4A-11D0-8D11-00A0C91BC942}") = "字符串左旋结果", "..\字符串左旋结果\字符串左旋结果.vcxproj", "{9B1DFF9D-7C35-43A5-A573-1B9429ED2731}"
EndProject
Global
	GlobalSection(SolutionConfigurationPlatforms) = preSolution
		Debug|x64 = Debug|x64
		Debug|x86 = Debug|x86
		Release|x64 = Release|x64
		Release|x86 = Release|x86
	EndGlobalSection
	GlobalSection(ProjectConfigurationPlatforms) = postSolution
		{FBE9614B-ADFC-4EBB-8D70-FB3CB34AB231}.Debug|x64.ActiveCfg = Debug|x64
		{FBE9614B-ADFC-4EBB-8D70-FB3CB34AB231}.Debug|x64.Build.0 = Debug|x64
		{FBE9614B-ADFC-4EBB-8D70-FB3CB34AB231}.Debug|x86.ActiveCfg = Debug|Win32
		{FBE9614B-ADFC-4EBB-8D70-FB3CB34AB231}.Debug|x86.Build.0 = Debug|Win32
		{FBE9614B-ADFC-4EBB-8D70-FB3CB34AB231}.Release|x64.ActiveCfg = Release|x64
		{FBE9614B-ADFC-4EBB-8D70-FB3CB34AB231}.Release|x64.Build.0 = Release|x64
		{FBE9614B-ADFC-4EBB-8D70-FB3CB34AB231}.Release|x86.ActiveCfg = Release|Win32
		{FBE9614B-ADFC-4EBB-8D70-FB3CB34AB231}.Release|x86.Build.0 = Release|Win32
		{32BC1824-D21C-4790-9F4A-F9C869CDD6F3}.Debug|x64.ActiveCfg = Debug|x64
		{32BC1824-D21C-4790-9F4A-F9C869CDD6F3}.Debug|x64.Build.0 = Debug|x64
		{32BC1824-D21C-4790-9F4A-F9C869CDD6F3}.Debug|x86.ActiveCfg = Debug|Win32
		{32BC1824-D21C-4790-9F4A-F9C869CDD6F3}.Debug|x86.Build.0 = Debug|Win32
		{32BC1824-D21C-4790-9F4A-F9C869CDD6F3}.Release|x64.ActiveCfg = Release|x64
		{32BC1824-D21C-4790-9F4A-F9C869CDD6F3}.Release|x64.Build.0 = Release|x64
		{32BC1824-D21C-4790-9F4A-F9C869CDD6F3}.Release|x86.ActiveCfg = Release|Win32
		{32BC1824-D21C-4790-9F4A-F9C869CDD6F3}.Release|x86.Build.0 = Release|Win32
		{D9BAC3E9-89A3-4823-A790-32B6B28D0087}.Debug|x64.ActiveCfg = Debug|x64
		{D9BAC3E9-89A3-4823-A790-32B6B28D0087}.Debug|x64.Build.0 = Debug|x64
		{D9BAC3E9-89A3-4823-A790-32B6B28D0087}.Debug|x86.ActiveCfg = Debug|Win32
		{D9BAC3E9-89A3-4823-A790-32B6B28D0087}.Debug|x86.Build.0 = Debug|Win32
		{D9BAC3E9-89A3-4823-A790-32B6B28D0087}.Release|x64.ActiveCfg = Release|x64
		{D9BAC3E9-89A3-4823-A790-32B6B28D0087}.Release|x64.Build.0 = Release|x64
		{D9BAC3E9-89A3-4823-A790-32B6B28D0087}.Release|x86.ActiveCfg = Release|Win32
		{D9BAC3E9-89A3-4823-A790-32B6B28D0087}.Release|x86.Build.0 = Release|Win32
		{0E57755E-FED3-418B-90BB-06121174983F}.Debug|x64.ActiveCfg = Debug|x64
		{0E57755E-FED3-418B-90BB-06121174983F}.Debug|x64.Build.0 = Debug|x64
		{0E57755E-FED3-418B-90BB-06121174983F}.Debug|x86.ActiveCfg = Debug|Win32
		{0E57755E-FED3-418B-90BB-06121174983F}.Debug|x86.Build.0 = Debug|Win32
		{0E57755E-FED3-418B-90BB-06121174983F}.Release|x64.ActiveCfg = Release|x64
		{0E57755E-FED3-418B-90BB-06121174983F}.Release|x64.Build.0 = Release|x64
		{0E57755E-FED3-418B-90BB-06121174983F}.Release|x86.ActiveCfg = Release|Win32
		{0E57755E-FED3-418B-90BB-06121174983F}.Release|x86.Build.0 = Release|Win32
		{8F4A9E34-E3F1-41C8-AF56-9D90FB3D6159}.Debug|x64.ActiveCfg = Debug|x64
		{8F4A9E34-E3F1-41C8-AF56-9D90FB3D6159}.Debug|x64.Build.0 = Debug|x64
		{8F4A9E34-E3F1-41C8-AF56-9D90FB3D6159}.Debug|x86.ActiveCfg = Debug|Win32
		{8F4A9E34-E3F1-41C8-AF56-9D90FB3D6159}.Debug|x86.Build.0 = Debug|Win32
		{8F4A9E34-E3F1-41C8-AF56-9D90FB3D6159}.Release|x64.ActiveCfg = Release|x64
		{8F4A9E34-E3F1-41C8-AF56-9D90FB3D6159}.Release|x64.Build.0 = Release|x64
		{8F4A9E34-E3F1-41C8-AF56-9D90FB3D6159}.Release|x86.ActiveCfg = Release|Win32
		{8F4A9E34-E3F1-41C8-AF56-9D90FB3D6159}.Release|x86.Build.0 = Release|Win32
		{482896C9-3601-4898-9AD0-710A4EAE334E}.Debug|x64.ActiveCfg = Debug|x64
		{482896C9-3601-4898-9AD0-710A4EAE334E}.Debug|x64.Build.0 = Debug|x64
		{482896C9-3601-4898-9AD0-710A4EAE334E}.Debug|x86.ActiveCfg = Debug|Win32
		{482896C9-3601-4898-9AD0-710A4EAE334E}.Debug|x86.Build.0 = Debug|Win32
		{482896C9-3601-4898-9AD0-710A4EAE334E}.Release|x64.ActiveCfg = Release|x64
		{482896C9-3601-4898-9AD0-710A4EAE334E}.Release|x64.Build.0 = Release|x64
		{482896C9-3601-4898-9AD0-710A4EAE334E}.Release|x86.ActiveCfg = Release|Win32
		{482896C9-3601-4898-9AD0-710A4EAE334E}.Release|x86.Build.0 = Release|Win32
		{EB5532B3-CE17-4C6D-BEFA-98C8A6B3282E}.Debug|x64.ActiveCfg = Debug|x64
		{EB5532B3-CE17-4C6D-BEFA-98C8A6B3282E}.Debug|x64.Build.0 = Debug|x64
		{EB5532B3-CE17-4C6D-BEFA-98C8A6B3282E}.Debug|x86.ActiveCfg = Debug|Win32
		{EB5532B3-CE17-4C6D-BEFA-98C8A6B3282E}.Debug|x86.Build.0 = Debug|Win32
		{EB5532B3-CE17-4C6D-BEFA-98C8A6B3282E}.Release|x64.ActiveCfg = Release|x64
		{EB5532B3-CE17-4C6D-BEFA-98C8A6B3282E}.Release|x64.Build.0 = Release|x64
		{EB5532B3-CE17-4C6D-BEFA-98C8A6B3282E}.Release|x86.ActiveCfg = Release|Win32
		{EB5532B3-CE17-4C6D-BEFA-98C8A6B3282E}.Release|x86.Build.0 = Release|Win32
		{8684EB00-975D-4CEC-9BF3-722F1002FA5D}.Debug|x64.ActiveCfg = Debug|x64
		{8684EB00-975D-4CEC-9BF3-722F1002FA5D}.Debug|x64.Build.0 = Debug|x64
		{8684EB00-975D-4CEC-9BF3-722F1002FA5D}.Debug|x86.ActiveCfg = Debug|Win32
		{8684EB00-975D-4CEC-9BF3-722F1002FA5D}.Debug|x86.Build.0 = Debug|Win32
		{8684EB00-975D-4CEC-9BF3-722F1002FA5D}.Release|x64.ActiveCfg = Release|x64
		{8684EB00-975D-4CEC-9BF3-722F1002FA5D}.Release|x64.Build.0 = Release|x64
		{8684EB00-975D-4CEC-9BF3-722F1002FA5D}.Release|x86.ActiveCfg = Release|Win32
		{8684EB00-975D-4CEC-9BF3-722F1002FA5D}.Release|x86.Build.0 = Release|Win32
		{676B17C2-FD58-40B7-B409-DD2FB3265E72}.Debug|x64.ActiveCfg = Debug|x64
		{676B17C2-FD58-40B7-B409-DD2FB3265E72}.Debug|x64.Build.0 = Debug|x64
		{676B17C2-FD58-40B7-B409-DD2FB3265E72}.Debug|x86.ActiveCfg = Debug|Win32
		{676B17C2-FD58-40B7-B409-DD2FB3265E72}.Debug|x86.Build.0 = Debug|Win32
		{676B17C2-FD58-40B7-B409-DD2FB3265E72}.Release|x64.ActiveCfg = Release|x64
		{676B17C2-FD58-40B7-B409-DD2FB3265E72}.Release|x64.Build.0 = Release|x64
		{676B17C2-FD58-40B7-B409-DD2FB3265E72}.Release|x86.ActiveCfg = Release|Win32
		{676B17C2-FD58-40B7-B409-DD2FB3265E72}.Release|x86.Build.0 = Release|Win32
		{F87681AB-456E-4552-B7CB-84F4D2791CBF}.Debug|x64.ActiveCfg = Debug|x64
		{F87681AB-456E-4552-B7CB-84F4D2791CBF}.Debug|x64.Build.0 = Debug|x64
		{F87681AB-456E-4552-B7CB-84F4D2791CBF}.Debug|x86.ActiveCfg = Debug|Win32
		{F87681AB-456E-4552-B7CB-84F4D2791CBF}.Debug|x86.Build.0 = Debug|Win32
		{F87681AB-456E-4552-B7CB-84F4D2791CBF}.Release|x64.ActiveCfg = Release|x64
		{F87681AB-456E-4552-B7CB-84F4D2791CBF}.Release|x64.Build.0 = Release|x64
		{F87681AB-456E-4552-B7CB-84F4D2791CBF}.Release|x86.ActiveCfg = Release|Win32
		{F87681AB-456E-4552-B7CB-84F4D2791CBF}.Release|x86.Build.0 = Release|Win32
		{810EFF03-0AA7-4536-8D13-558DC942274E}.Debug|x64.ActiveCfg = Debug|x64
		{810EFF03-0AA7-4536-8D13-558DC942274E}.Debug|x64.Build.0 = Debug|x64
		{810EFF03-0AA7-4536-8D13-558DC942274E}.Debug|x86.ActiveCfg = Debug|Win32
		{810EFF03-0AA7-4536-8D13-558DC942274E}.Debug|x86.Build.0 = Debug|Win32
		{810EFF03-0AA7-4536-8D13-558DC942274E}.Release|x64.ActiveCfg = Release|x64
		{810EFF03-0AA7-4536-8D13-558DC942274E}.Release|x64.Build.0 = Release|x64
		{810EFF03-0AA7-4536-8D13-558DC942274E}.Release|x86.ActiveCfg = Release|Win32
		{810EFF03-0AA7-4536-8D13-558DC942274E}.Release|x86.Build.0 = Release|Win32
		{17C5E320-20C5-4F36-B426-DF09908A3890}.Debug|x64.ActiveCfg = Debug|x64
		{17C5E320-20C5-4F36-B426-DF09908A3890}.Debug|x64.Build.0 = Debug|x64
		{17C5E320-20C5-4F36-B426-DF09908A3890}.Debug|x86.ActiveCfg = Debug|Win32
		{17C5E320-20C5-4F36-B426-DF09908A3890}.Debug|x86.Build.0 = Debug|Win32
		{17C5E320-20C5-4F36-B426-DF09908A3890}.Release|x64.ActiveCfg = Release|x64
		{17C5E320-20C5-4F36-B426-DF09908A3890}.Release|x64.Build.0 = Release|x64
		{17C5E320-20C5-4F36-B426-DF09908A3890}.Release|x86.ActiveCfg = Release|Win32
		{17C5E320-20C5-4F36-B426-DF09908A3890}.Release|x86.Build.0 = Release|Win32
		{D97D8CE6-C3CD-4B61-A34F-52F325F0416A}.Debug|x64.ActiveCfg = Debug|x64
		{D97D8CE6-C3CD-4B61-A34F-52F325F0416A}.Debug|x64.Build.0 = Debug|x64
		{D97D8CE6-C3CD-4B61-A34F-52F325F0416A}.Debug|x86.ActiveCfg = Debug|Win32
		{D97D8CE6-C3CD-4B61-A34F-52F325F0416A}.Debug|x86.Build.0 = Debug|Win32
		{D97D8CE6-C3CD-4B61-A34F-52F325F0416A}.Release|x64.ActiveCfg = Release|x64
		{D97D8CE6-C3CD-4B61-A34F-52F325F0416A}.Release|x64.Build.0 = Release|x64
		{D97D8CE6-C3CD-4B61-A34F-52F325F0416A}.Release|x86.ActiveCfg = Release|Win32
		{D97D8CE6-C3CD-4B61-A34F-52F325F0416A}.Release|x86.Build.0 = Release|Win32
		{4919691C-71BD-4B88-BDC0-618FF35EF462}.Debug|x64.ActiveCfg = Debug|x64
		{4919691C-71BD-4B88-BDC0-618FF35EF462}.Debug|x64.Build.0 = Debug|x64
		{4919691C-71BD-4B88-BDC0-618FF35EF462}.Debug|x86.ActiveCfg = Debug|Win32
		{4919691C-71BD-4B88-BDC0-618FF35EF462}.Debug|x86.Build.0 = Debug|Win32
		{4919691C-71BD-4B88-BDC0-618FF35EF462}.Release|x64.ActiveCfg = Release|x64
		{4919691C-71BD-4B88-BDC0-618FF35EF462}.Release|x64.Build.0 = Release|x64
		{4919691C-71BD-4B88-BDC0-618FF35EF462}.Release|x86.ActiveCfg = Release|Win32
		{4919691C-71BD-4B88-BDC0-618FF35EF462}.Release|x86.Build.0 = Release|Win32
		{3392C568-5410-4570-8AB3-5D7D92CB2D9C}.Debug|x64.ActiveCfg = Debug|x64
		{3392C568-5410-4570-8AB3-5D7D92CB2D9C}.Debug|x64.Build.0 = Debug|x64
		{3392C568-5410-4570-8AB3-5D7D92CB2D9C}.Debug|x86.ActiveCfg = Debug|Win32
		{3392C568-5410-4570-8AB3-5D7D92CB2D9C}.Debug|x86.Build.0 = Debug|Win32
		{3392C568-5410-4570-8AB3-5D7D92CB2D9C}.Release|x64.ActiveCfg = Release|x64
		{3392C568-5410-4570-8AB3-5D7D92CB2D9C}.Release|x64.Build.0 = Release|x64
		{3392C568-5410-4570-8AB3-5D7D92CB2D9C}.Release|x86.ActiveCfg = Release|Win32
		{3392C568-5410-4570-8AB3-5D7D92CB2D9C}.Release|x86.Build.0 = Release|Win32
		{F03C7E28-77FB-4447-AB68-B8FD8C6B42B7}.Debug|x64.ActiveCfg = Debug|x64
		{F03C7E28-77FB-4447-AB68-B8FD8C6B42B7}.Debug|x64.Build.0 = Debug|x64
		{F03C7E28-77FB-4447-AB68-B8FD8C6B42B7}.Debug|x86.ActiveCfg = Debug|Win32
		{F03C7E28-77FB-4447-AB68-B8FD8C6B42B7}.Debug|x86.Build.0 = Debug|Win32
		{F03C7E28-77FB-4447-AB68-B8FD8C6B42B7}.Release|x64.ActiveCfg = Release|x64
		{F03C7E28-77FB-4447-AB68-B8FD8C6B42B7}.Release|x64.Build.0 = Release|x64
		{F03C7E28-77FB-4447-AB68-B8FD8C6B42B7}.Release|x86.ActiveCfg = Release|Win32
		{F03C7E28-77FB-4447-AB68-B8FD8C6B42B7}.Release|x86.Build.0 = Release|Win32
		{A1B3E9AC-DDB0-42A2-8586-5DAB5E939CC3}.Debug|x64.ActiveCfg = Debug|x64
		{A1B3E9AC-DDB0-42A2-8586-5DAB5E939CC3}.Debug|x64.Build.0 = Debug|x64
		{A1B3E9AC-DDB0-42A2-8586-5DAB5E939CC3}.Debug|x86.ActiveCfg = Debug|Win32
		{A1B3E9AC-DDB0-42A2-8586-5DAB5E939CC3}.Debug|x86.Build.0 = Debug|Win32
		{A1B3E9AC-DDB0-42A2-8586-5DAB5E939CC3}.Release|x64.ActiveCfg = Release|x64
		{A1B3E9AC-DDB0-42A2-8586-5DAB5E939CC3}.Release|x64.Build.0 = Release|x64
		{A1B3E9AC-DDB0-42A2-8586-5DAB5E939CC3}.Release|x86.ActiveCfg = Release|Win32
		{A1B3E9AC-DDB0-42A2-8586-5DAB5E939CC3}.Release|x86.Build.0 = Release|Win32
		{E220C14C-C84D-4488-B4D3-58EF63BBE5F5}.Debug|x64.ActiveCfg = Debug|x64
		{E220C14C-C84D-4488-B4D3-58EF63BBE5F5}.Debug|x64.Build.0 = Debug|x64
		{E220C14C-C84D-4488-B4D3-58EF63BBE5F5}.Debug|x86.ActiveCfg = Debug|Win32
		{E220C14C-C84D-4488-B4D3-58EF63BBE5F5}.Debug|x86.Build.0 = Debug|Win32
		{E220C14C-C84D-4488-B4D3-58EF63BBE5F5}.Release|x64.ActiveCfg = Release|x64
		{E220C14C-C84D-4488-B4D3-58EF63BBE5F5}.Release|x64.Build.0 = Release|x64
		{E220C14C-C84D-4488-B4D3-58EF63BBE5F5}.Release|x86.ActiveCfg = Release|Win32
		{E220C14C-C84D-4488-B4D3-58EF63BBE5F5}.Release|x86.Build.0 = Release|Win32
		{BEFDC602-78B5-46F2-B48A-287D93DBD800}.Debug|x64.ActiveCfg = Debug|x64
		{BEFDC602-78B5-46F2-B48A-287D93DBD800}.Debug|x64.Build.0 = Debug|x64
		{BEFDC602-78B5-46F2-B48A-287D93DBD800}.Debug|x86.ActiveCfg = Debug|Win32
		{BEFDC602-78B5-46F2-B48A-287D93DBD800}.Debug|x86.Build.0 = Debug|Win32
		{BEFDC602-78B5-46F2-B48A-287D93DBD800}.Release|x64.ActiveCfg = Release|x64
		{BEFDC602-78B5-46F2-B48A-287D93DBD800}.Release|x64.Build.0 = Release|x64
		{BEFDC602-78B5-46F2-B48A-287D93DBD800}.Release|x86.ActiveCfg = Release|Win32
		{BEFDC602-78B5-46F2-B48A-287D93DBD800}.Release|x86.Build.0 = Release|Win32
		{AA0EE702-B6E1-4315-96AC-D7A9EA78FDA3}.Debug|x64.ActiveCfg = Debug|x64
		{AA0EE702-B6E1-4315-96AC-D7A9EA78FDA3}.Debug|x64.Build.0 = Debug|x64
		{AA0EE702-B6E1-4315-96AC-D7A9EA78FDA3}.Debug|x86.ActiveCfg = Debug|Win32
		{AA0EE702-B6E1-4315-96AC-D7A9EA78FDA3}.Debug|x86.Build.0 = Debug|Win32
		{AA0EE702-B6E1-4315-96AC-D7A9EA78FDA3}.Release|x64.ActiveCfg = Release|x64
		{AA0EE702-B6E1-4315-96AC-D7A9EA78FDA3}.Release|x64.Build.0 = Release|x64
		{AA0EE702-B6E1-4315-96AC-D7A9EA78FDA3}.Release|x86.ActiveCfg = Release|Win32
		{AA0EE702-B6E1-4315-96AC-D7A9EA78FDA3}.Release|x86.Build.0 = Release|Win32
		{8EE5870B-7489-4A08-B0A6-96ECAF0D2669}.Debug|x64.ActiveCfg = Debug|x64
		{8EE5870B-7489-4A08-B0A6-96ECAF0D2669}.Debug|x64.Build.0 = Debug|x64
		{8EE5870B-7489-4A08-B0A6-96ECAF0D2669}.Debug|x86.ActiveCfg = Debug|Win32
		{8EE5870B-7489-4A08-B0A6-96ECAF0D2669}.Debug|x86.Build.0 = Debug|Win32
		{8EE5870B-7489-4A08-B0A6-96ECAF0D2669}.Release|x64.ActiveCfg = Release|x64
		{8EE5870B-7489-4A08-B0A6-96ECAF0D2669}.Release|x64.Build.0 = Release|x64
		{8EE5870B-7489-4A08-B0A6-96ECAF0D2669}.Release|x86.ActiveCfg = Release|Win32
		{8EE5870B-7489-4A08-B0A6-96ECAF0D2669}.Release|x86.Build.0 = Release|Win32
		{07D85C8F-A535-4929-A457-05D9B72EF88D}.Debug|x64.ActiveCfg = Debug|x64
		{07D85C8F-A535-4929-A457-05D9B72EF88D}.Debug|x64.Build.0 = Debug|x64
		{07D85C8F-A535-4929-A457-05D9B72EF88D}.Debug|x86.ActiveCfg = Debug|Win32
		{07D85C8F-A535-4929-A457-05D9B72EF88D}.Debug|x86.Build.0 = Debug|Win32
		{07D85C8F-A535-4929-A457-05D9B72EF88D}.Release|x64.ActiveCfg = Release|x64
		{07D85C8F-A535-4929-A457-05D9B72EF88D}.Release|x64.Build.0 = Release|x64
		{07D85C8F-A535-4929-A457-05D9B72EF88D}.Release|x86.ActiveCfg = Release|Win32
		{07D85C8F-A535-4929-A457-05D9B72EF88D}.Release|x86.Build.0 = Release|Win32
		{32F2E7F3-7CF6-4DEB-9C82-43A2A138C419}.Debug|x64.ActiveCfg = Debug|x64
		{32F2E7F3-7CF6-4DEB-9C82-43A2A138C419}.Debug|x64.Build.0 = Debug|x64
		{32F2E7F3-7CF6-4DEB-9C82-43A2A138C419}.Debug|x86.ActiveCfg = Debug|Win32
		{32F2E7F3-7CF6-4DEB-9C82-43A2A138C419}.Debug|x86.Build.0 = Debug|Win32
		{32F2E7F3-7CF6-4DEB-9C82-43A2A138C419}.Release|x64.ActiveCfg = Release|x64
		{32F2E7F3-7CF6-4DEB-9C82-43A2A138C419}.Release|x64.Build.0 = Release|x64
		{32F2E7F3-7CF6-4DEB-9C82-43A2A138C419}.Release|x86.ActiveCfg = Release|Win32
		{32F2E7F3-7CF6-4DEB-9C82-43A2A138C419}.Release|x86.Build.0 = Release|Win32
		{8617E9F9-9673-4CA1-9121-DD73E4004F94}.Debug|x64.ActiveCfg = Debug|x64
		{8617E9F9-9673-4CA1-9121-DD73E4004F94}.Debug|x64.Build.0 = Debug|x64
		{8617E9F9-9673-4CA1-9121-DD73E4004F94}.Debug|x86.ActiveCfg = Debug|Win32
		{8617E9F9-9673-4CA1-9121-DD73E4004F94}.Debug|x86.Build.0 = Debug|Win32
		{8617E9F9-9673-4CA1-9121-DD73E4004F94}.Release|x64.ActiveCfg = Release|x64
		{8617E9F9-9673-4CA1-9121-DD73E4004F94}.Release|x64.Build.0 = Release|x64
		{8617E9F9-9673-4CA1-9121-DD73E4004F94}.Release|x86.ActiveCfg = Release|Win32
		{8617E9F9-9673-4CA1-9121-DD73E4004F94}.Release|x86.Build.0 = Release|Win32
		{141CF0F9-3E6B-4A69-9719-ECD06997DE1A}.Debug|x64.ActiveCfg = Debug|x64
		{141CF0F9-3E6B-4A69-9719-ECD06997DE1A}.Debug|x64.Build.0 = Debug|x64
		{141CF0F9-3E6B-4A69-9719-ECD06997DE1A}.Debug|x86.ActiveCfg = Debug|Win32
		{141CF0F9-3E6B-4A69-9719-ECD06997DE1A}.Debug|x86.Build.0 = Debug|Win32
		{141CF0F9-3E6B-4A69-9719-ECD06997DE1A}.Release|x64.ActiveCfg = Release|x64
		{141CF0F9-3E6B-4A69-9719-ECD06997DE1A}.Release|x64.Build.0 = Release|x64
		{141CF0F9-3E6B-4A69-9719-ECD06997DE1A}.Release|x86.ActiveCfg = Release|Win32
		{141CF0F9-3E6B-4A69-9719-ECD06997DE1A}.Release|x86.Build.0 = Release|Win32
		{D05B290A-0967-4E33-9D81-67BD3EBD7C3E}.Debug|x64.ActiveCfg = Debug|x64
		{D05B290A-0967-4E33-9D81-67BD3EBD7C3E}.Debug|x64.Build.0 = Debug|x64
		{D05B290A-0967-4E33-9D81-67BD3EBD7C3E}.Debug|x86.ActiveCfg = Debug|Win32
		{D05B290A-0967-4E33-9D81-67BD3EBD7C3E}.Debug|x86.Build.0 = Debug|Win32
		{D05B290A-0967-4E33-9D81-67BD3EBD7C3E}.Release|x64.ActiveCfg = Release|x64
		{D05B290A-0967-4E33-9D81-67BD3EBD7C3E}.Release|x64.Build.0 = Release|x64
		{D05B290A-0967-4E33-9D81-67BD3EBD7C3E}.Release|x86.ActiveCfg = Release|Win32
		{D05B290A-0967-4E33-9D81-67BD3EBD7C3E}.Release|x86.Build.0 = Release|Win32
		{3DEF2399-0F4B-42B6-9B38-4CFB0B19A2BB}.Debug|x64.ActiveCfg = Debug|x64
		{3DEF2399-0F4B-42B6-9B38-4CFB0B19A2BB}.Debug|x64.Build.0 = Debug|x64
		{3DEF2399-0F4B-42B6-9B38-4CFB0B19A2BB}.Debug|x86.ActiveCfg = Debug|Win32
		{3DEF2399-0F4B-42B6-9B38-4CFB0B19A2BB}.Debug|x86.Build.0 = Debug|Win32
		{3DEF2399-0F4B-42B6-9B38-4CFB0B19A2BB}.Release|x64.ActiveCfg = Release|x64
		{3DEF2399-0F4B-42B6-9B38-4CFB0B19A2BB}.Release|x64.Build.0 = Release|x64
		{3DEF2399-0F4B-42B6-9B38-4CFB0B19A2BB}.Release|x86.ActiveCfg = Release|Win32
		{3DEF2399-0F4B-42B6-9B38-4CFB0B19A2BB}.Release|x86.Build.0 = Release|Win32
		{B28FAC2B-8045-41E7-811B-081BAFE904D1}.Debug|x64.ActiveCfg = Debug|x64
		{B28FAC2B-8045-41E7-811B-081BAFE904D1}.Debug|x64.Build.0 = Debug|x64
		{B28FAC2B-8045-41E7-811B-081BAFE904D1}.Debug|x86.ActiveCfg = Debug|Win32
		{B28FAC2B-8045-41E7-811B-081BAFE904D1}.Debug|x86.Build.0 = Debug|Win32
		{B28FAC2B-8045-41E7-811B-081BAFE904D1}.Release|x64.ActiveCfg = Release|x64
		{B28FAC2B-8045-41E7-811B-081BAFE904D1}.Release|x64.Build.0 = Release|x64
		{B28FAC2B-8045-41E7-811B-081BAFE904D1}.Release|x86.ActiveCfg = Release|Win32
		{B28FAC2B-8045-41E7-811B-081BAFE904D1}.Release|x86.Build.0 = Release|Win32
		{781C9516-C6D3-405F-8C9C-A9FA8F0DDFF1}.Debug|x64.ActiveCfg = Debug|x64
		{781C9516-C6D3-405F-8C9C-A9FA8F0DDFF1}.Debug|x64.Build.0 = Debug|x64
		{781C9516-C6D3-405F-8C9C-A9FA8F0DDFF1}.Debug|x86.ActiveCfg = Debug|Win32
		{781C9516-C6D3-405F-8C9C-A9FA8F0DDFF1}.Debug|x86.Build.0 = Debug|Win32
		{781C9516-C6D3-405F-8C9C-A9FA8F0DDFF1}.Release|x64.ActiveCfg = Release|x64
		{781C9516-C6D3-405F-8C9C-A9FA8F0DDFF1}.Release|x64.Build.0 = Release|x64
		{781C9516-C6D3-405F-8C9C-A9FA8F0DDFF1}.Release|x86.ActiveCfg = Release|Win32
		{781C9516-C6D3-405F-8C9C-A9FA8F0DDFF1}.Release|x86.Build.0 = Release|Win32
		{659606E9-41B1-4070-B958-F2CA7A4A05ED}.Debug|x64.ActiveCfg = Debug|x64
		{659606E9-41B1-4070-B958-F2CA7A4A05ED}.Debug|x64.Build.0 = Debug|x64
		{659606E9-41B1-4070-B958-F2CA7A4A05ED}.Debug|x86.ActiveCfg = Debug|Win32
		{659606E9-41B1-4070-B958-F2CA7A4A05ED}.Debug|x86.Build.0 = Debug|Win32
		{659606E9-41B1-4070-B958-F2CA7A4A05ED}.Release|x64.ActiveCfg = Release|x64
		{659606E9-41B1-4070-B958-F2CA7A4A05ED}.Release|x64.Build.0 = Release|x64
		{659606E9-41B1-4070-B958-F2CA7A4A05ED}.Release|x86.ActiveCfg = Release|Win32
		{659606E9-41B1-4070-B958-F2CA7A4A05ED}.Release|x86.Build.0 = Release|Win32
		{59A5D645-0C06-4009-89CA-B283124365A3}.Debug|x64.ActiveCfg = Debug|x64
		{59A5D645-0C06-4009-89CA-B283124365A3}.Debug|x64.Build.0 = Debug|x64
		{59A5D645-0C06-4009-89CA-B283124365A3}.Debug|x86.ActiveCfg = Debug|Win32
		{59A5D645-0C06-4009-89CA-B283124365A3}.Debug|x86.Build.0 = Debug|Win32
		{59A5D645-0C06-4009-89CA-B283124365A3}.Release|x64.ActiveCfg = Release|x64
		{59A5D645-0C06-4009-89CA-B283124365A3}.Release|x64.Build.0 = Release|x64
		{59A5D645-0C06-4009-89CA-B283124365A3}.Release|x86.ActiveCfg = Release|Win32
		{59A5D645-0C06-4009-89CA-B283124365A3}.Release|x86.Build.0 = Release|Win32
		{6B515120-A5B7-42C7-8258-7571BE3DB8CB}.Debug|x64.ActiveCfg = Debug|x64
		{6B515120-A5B7-42C7-8258-7571BE3DB8CB}.Debug|x64.Build.0 = Debug|x64
		{6B515120-A5B7-42C7-8258-7571BE3DB8CB}.Debug|x86.ActiveCfg = Debug|Win32
		{6B515120-A5B7-42C7-8258-7571BE3DB8CB}.Debug|x86.Build.0 = Debug|Win32
		{6B515120-A5B7-42C7-8258-7571BE3DB8CB}.Release|x64.ActiveCfg = Release|x64
		{6B515120-A5B7-42C7-8258-7571BE3DB8CB}.Release|x64.Build.0 = Release|x64
		{6B515120-A5B7-42C7-8258-7571BE3DB8CB}.Release|x86.ActiveCfg = Release|Win32
		{6B515120-A5B7-42C7-8258-7571BE3DB8CB}.Release|x86.Build.0 = Release|Win32
		{B8697648-1013-45B2-90FC-6E87B8EF1718}.Debug|x64.ActiveCfg = Debug|x64
		{B8697648-1013-45B2-90FC-6E87B8EF1718}.Debug|x64.Build.0 = Debug|x64
		{B8697648-1013-45B2-90FC-6E87B8EF1718}.Debug|x86.ActiveCfg = Debug|Win32
		{B8697648-1013-45B2-90FC-6E87B8EF1718}.Debug|x86.Build.0 = Debug|Win32
		{B8697648-1013-45B2-90FC-6E87B8EF1718}.Release|x64.ActiveCfg = Release|x64
		{B8697648-1013-45B2-90FC-6E87B8EF1718}.Release|x64.Build.0 = Release|x64
		{B8697648-1013-45B2-90FC-6E87B8EF1718}.Release|x86.ActiveCfg = Release|Win32
		{B8697648-1013-45B2-90FC-6E87B8EF1718}.Release|x86.Build.0 = Release|Win32
		{1F5BC305-D0FE-4F8E-BD1D-841A80A31FB1}.Debug|x64.ActiveCfg = Debug|x64
		{1F5BC305-D0FE-4F8E-BD1D-841A80A31FB1}.Debug|x64.Build.0 = Debug|x64
		{1F5BC305-D0FE-4F8E-BD1D-841A80A31FB1}.Debug|x86.ActiveCfg = Debug|Win32
		{1F5BC305-D0FE-4F8E-BD1D-841A80A31FB1}.Debug|x86.Build.0 = Debug|Win32
		{1F5BC305-D0FE-4F8E-BD1D-841A80A31FB1}.Release|x64.ActiveCfg = Release|x64
		{1F5BC305-D0FE-4F8E-BD1D-841A80A31FB1}.Release|x64.Build.0 = Release|x64
		{1F5BC305-D0FE-4F8E-BD1D-841A80A31FB1}.Release|x86.ActiveCfg = Release|Win32
		{1F5BC305-D0FE-4F8E-BD1D-841A80A31FB1}.Release|x86.Build.0 = Release|Win32
		{A0653669-01B3-41B7-A22F-E23EEAD8B3C5}.Debug|x64.ActiveCfg = Debug|x64
		{A0653669-01B3-41B7-A22F-E23EEAD8B3C5}.Debug|x64.Build.0 = Debug|x64
		{A0653669-01B3-41B7-A22F-E23EEAD8B3C5}.Debug|x86.ActiveCfg = Debug|Win32
		{A0653669-01B3-41B7-A22F-E23EEAD8B3C5}.Debug|x86.Build.0 = Debug|Win32
		{A0653669-01B3-41B7-A22F-E23EEAD8B3C5}.Release|x64.ActiveCfg = Release|x64
		{A0653669-01B3-41B7-A22F-E23EEAD8B3C5}.Release|x64.Build.0 = Release|x64
		{A0653669-01B3-41B7-A22F-E23EEAD8B3C5}.Release|x86.ActiveCfg = Release|Win32
		{A0653669-01B3-41B7-A22F-E23EEAD8B3C5}.Release|x86.Build.0 = Release|Win32
		{7FAB5819-0872-44F2-8AFC-4CEC60753786}.Debug|x64.ActiveCfg = Debug|x64
		{7FAB5819-0872-44F2-8AFC-4CEC60753786}.Debug|x64.Build.0 = Debug|x64
		{7FAB5819-0872-44F2-8AFC-4CEC60753786}.Debug|x86.ActiveCfg = Debug|Win32
		{7FAB5819-0872-44F2-8AFC-4CEC60753786}.Debug|x86.Build.0 = Debug|Win32
		{7FAB5819-0872-44F2-8AFC-4CEC60753786}.Release|x64.ActiveCfg = Release|x64
		{7FAB5819-0872-44F2-8AFC-4CEC60753786}.Release|x64.Build.0 = Release|x64
		{7FAB5819-0872-44F2-8AFC-4CEC60753786}.Release|x86.ActiveCfg = Release|Win32
		{7FAB5819-0872-44F2-8AFC-4CEC60753786}.Release|x86.Build.0 = Release|Win32
		{C3FD61BE-046C-4D6E-859B-5E0FC4601D17}.Debug|x64.ActiveCfg = Debug|x64
		{C3FD61BE-046C-4D6E-859B-5E0FC4601D17}.Debug|x64.Build.0 = Debug|x64
		{C3FD61BE-046C-4D6E-859B-5E0FC4601D17}.Debug|x86.ActiveCfg = Debug|Win32
		{C3FD61BE-046C-4D6E-859B-5E0FC4601D17}.Debug|x86.Build.0 = Debug|Win32
		{C3FD61BE-046C-4D6E-859B-5E0FC4601D17}.Release|x64.ActiveCfg = Release|x64
		{C3FD61BE-046C-4D6E-859B-5E0FC4601D17}.Release|x64.Build.0 = Release|x64
		{C3FD61BE-046C-4D6E-859B-5E0FC4601D17}.Release|x86.ActiveCfg = Release|Win32
		{C3FD61BE-046C-4D6E-859B-5E0FC4601D17}.Release|x86.Build.0 = Release|Win32
		{3C5A99E7-1E40-4857-8BD6-C803D868BC41}.Debug|x64.ActiveCfg = Debug|x64
		{3C5A99E7-1E40-4857-8BD6-C803D868BC41}.Debug|x64.Build.0 = Debug|x64
		{3C5A99E7-1E40-4857-8BD6-C803D868BC41}.Debug|x86.ActiveCfg = Debug|Win32
		{3C5A99E7-1E40-4857-8BD6-C803D868BC41}.Debug|x86.Build.0 = Debug|Win32
		{3C5A99E7-1E40-4857-8BD6-C803D868BC41}.Release|x64.ActiveCfg = Release|x64
		{3C5A99E7-1E40-4857-8BD6-C803D868BC41}.Release|x64.Build.0 = Release|x64
		{3C5A99E7-1E40-4857-8BD6-C803D868BC41}.Release|x86.ActiveCfg = Release|Win32
		{3C5A99E7-1E40-4857-8BD6-C803D868BC41}.Release|x86.Build.0 = Release|Win32
		{27D33663-78B2-4900-ACFE-31ED66456209}.Debug|x64.ActiveCfg = Debug|x64
		{27D33663-78B2-4900-ACFE-31ED66456209}.Debug|x64.Build.0 = Debug|x64
		{27D33663-78B2-4900-ACFE-31ED66456209}.Debug|x86.ActiveCfg = Debug|Win32
		{27D33663-78B2-4900-ACFE-31ED66456209}.Debug|x86.Build.0 = Debug|Win32
		{27D33663-78B2-4900-ACFE-31ED66456209}.Release|x64.ActiveCfg = Release|x64
		{27D33663-78B2-4900-ACFE-31ED66456209}.Release|x64.Build.0 = Release|x64
		{27D33663-78B2-4900-ACFE-31ED66456209}.Release|x86.ActiveCfg = Release|Win32
		{27D33663-78B2-4900-ACFE-31ED66456209}.Release|x86.Build.0 = Release|Win32
		{E67FB5A0-9F41-46D0-B7C9-05A460D224DD}.Debug|x64.ActiveCfg = Debug|x64
		{E67FB5A0-9F41-46D0-B7C9-05A460D224DD}.Debug|x64.Build.0 = Debug|x64
		{E67FB5A0-9F41-46D0-B7C9-05A460D224DD}.Debug|x86.ActiveCfg = Debug|Win32
		{E67FB5A0-9F41-46D0-B7C9-05A460D224DD}.Debug|x86.Build.0 = Debug|Win32
		{E67FB5A0-9F41-46D0-B7C9-05A460D224DD}.Release|x64.ActiveCfg = Release|x64
		{E67FB5A0-9F41-46D0-B7C9-05A460D224DD}.Release|x64.Build.0 = Release|x64
		{E67FB5A0-9F41-46D0-B7C9-05A460D224DD}.Release|x86.ActiveCfg = Release|Win32
		{E67FB5A0-9F41-46D0-B7C9-05A460D224DD}.Release|x86.Build.0 = Release|Win32
		{9B1DFF9D-7C35-43A5-A573-1B9429ED2731}.Debug|x64.ActiveCfg = Debug|x64
		{9B1DFF9D-7C35-43A5-A573-1B9429ED2731}.Debug|x64.Build.0 = Debug|x64
		{9B1DFF9D-7C35-43A5-A573-1B9429ED2731}.Debug|x86.ActiveCfg = Debug|Win32
		{9B1DFF9D-7C35-43A5-A573-1B9429ED2731}.Debug|x86.Build.0 = Debug|Win32
		{9B1DFF9D-7C35-43A5-A573-1B9429ED2731}.Release|x64.ActiveCfg = Release|x64
		{9B1DFF9D-7C35-43A5-A573-1B9429ED2731}.Release|x64.Build.0 = Release|x64
		{9B1DFF9D-7C35-43A5-A573-1B9429ED2731}.Release|x86.ActiveCfg = Release|Win32
		{9B1DFF9D-7C35-43A5-A573-1B9429ED2731}.Release|x86.Build.0 = Release|Win32
	EndGlobalSection
	GlobalSection(SolutionProperties) = preSolution
		HideSolutionNode = FALSE
	EndGlobalSection
	GlobalSection(ExtensibilityGlobals) = postSolution
		SolutionGuid = {B6951D84-9AE8-4ECD-95E1-4EF1F06E9DC9}
	EndGlobalSection
EndGlobal
